
Microsoft Visual Studio Solution File, Format Version 12.00
# Visual Studio Version 16
VisualStudioVersion = 16.0.810.14
MinimumVisualStudioVersion = 10.0.40219.1
Project("{2150E333-8FDC-42A3-9474-1A3956D46DE8}") = "src", "src", "{A626F27B-46F7-4579-8700-342439C930F0}"
EndProject
Project("{FAE04EC0-301F-11D3-BF4B-00C04F79EFBC}") = "TnyFramework.Net", "TnyFramework.Net\TnyFramework.Net.csproj", "{AB80A810-38F7-4BD9-8C5D-AC7E624680EF}"
EndProject
Project("{FAE04EC0-301F-11D3-BF4B-00C04F79EFBC}") = "TnyFramework.Net.DotNetty", "TnyFramework.Net.DotNetty\TnyFramework.Net.DotNetty.csproj", "{FBAF1110-6A51-4042-B22B-178802E4C7D5}"
EndProject
Project("{FAE04EC0-301F-11D3-BF4B-00C04F79EFBC}") = "TnyFramework.Common", "TnyFramework.Common\TnyFramework.Common.csproj", "{C5A329CD-3FF4-436E-A27D-5A9134802C76}"
EndProject
Project("{FAE04EC0-301F-11D3-BF4B-00C04F79EFBC}") = "TnyFramework.Net.Demo", "TnyFramework.Net.Demo\TnyFramework.Net.Demo.csproj", "{F1E684E8-2949-431D-9A14-49EE7809D412}"
EndProject
Project("{FAE04EC0-301F-11D3-BF4B-00C04F79EFBC}") = "TnyFramework.Net.TypeProtobuf", "TnyFramework.Net.TypeProtobuf\TnyFramework.Net.TypeProtobuf.csproj", "{F5190D59-C35E-4D62-BF5C-FE8558C8AE65}"
EndProject
Project("{FAE04EC0-301F-11D3-BF4B-00C04F79EFBC}") = "TnyFramework.Coroutines", "TnyFramework.Coroutines\TnyFramework.Coroutines.csproj", "{59F2EBE0-11B2-43C5-857D-72813518E403}"
EndProject
Project("{FAE04EC0-301F-11D3-BF4B-00C04F79EFBC}") = "TnyFramework.Coroutines.Demo", "TnyFramework.Coroutines.Demo\TnyFramework.Coroutines.Demo.csproj", "{33470B56-5173-4110-AA34-E1E0A5D21BBB}"
EndProject
Project("{FAE04EC0-301F-11D3-BF4B-00C04F79EFBC}") = "TnyFramework.DI", "TnyFramework.DI\TnyFramework.DI.csproj", "{3FD9599B-1F8B-40EF-8B33-3DD2C3999FF8}"
EndProject
Project("{FAE04EC0-301F-11D3-BF4B-00C04F79EFBC}") = "TnyFramework.DI.Attributes", "TnyFramework.DI.Attributes\TnyFramework.DI.Attributes.csproj", "{D0BCCDF8-CD09-4985-8618-A19EB0B7D9EB}"
EndProject
Project("{FAE04EC0-301F-11D3-BF4B-00C04F79EFBC}") = "TnyFramework.Net.DotNetty.Configuration", "TnyFramework.Net.DotNetty.Configuration\TnyFramework.Net.DotNetty.Configuration.csproj", "{A43F4BBE-0DD2-41D1-81C4-365382D5358F}"
EndProject
Project("{FAE04EC0-301F-11D3-BF4B-00C04F79EFBC}") = "TnyFramework.Net.Rpc", "TnyFramework.Net.Rpc\TnyFramework.Net.Rpc.csproj", "{9B7947D0-769B-43D7-9C5C-006A623F456E}"
EndProject
Project("{FAE04EC0-301F-11D3-BF4B-00C04F79EFBC}") = "TnyFramework.Common.Logger", "TnyFramework.Common.Logger\TnyFramework.Common.Logger.csproj", "{F06B4CE5-1BB3-4C36-8811-417AFAA396A8}"
EndProject
Project("{FAE04EC0-301F-11D3-BF4B-00C04F79EFBC}") = "TnyFramework.Common.Logger.Console", "TnyFramework.Common.Logger.Console\TnyFramework.Common.Logger.Console.csproj", "{031217C4-D1E3-4074-B173-D1CD0931A943}"
EndProject
Project("{FAE04EC0-301F-11D3-BF4B-00C04F79EFBC}") = "TnyFramework.Common.Logger.Unity", "TnyFramework.Common.Logger.Unity\TnyFramework.Common.Logger.Unity.csproj", "{9E41DFD4-3757-4596-A0C8-EC7C27501177}"
EndProject
Project("{FAE04EC0-301F-11D3-BF4B-00C04F79EFBC}") = "puertstest", "puertstest\puertstest.csproj", "{8F72236A-605C-413A-9CB6-0540B9F9D15D}"
EndProject
Project("{FAE04EC0-301F-11D3-BF4B-00C04F79EFBC}") = "TnyFramework.Net.DotNetty.AspNetCore", "TnyFramework.Net.DotNetty.AspNetCore\TnyFramework.Net.DotNetty.AspNetCore.csproj", "{BD8195B5-DF8E-4D62-9928-6C228467205E}"
EndProject
Project("{FAE04EC0-301F-11D3-BF4B-00C04F79EFBC}") = "TnyFramework.Net.Cloud.Nacos", "TnyFramework.Net.Cloud.Nacos\TnyFramework.Net.Cloud.Nacos.csproj", "{A268FD8D-AAB2-48F4-8064-4DF96376FC44}"
EndProject
Global
	GlobalSection(SolutionConfigurationPlatforms) = preSolution
		Debug|Any CPU = Debug|Any CPU
		Release|Any CPU = Release|Any CPU
		Debug.Local|Any CPU = Debug.Local|Any CPU
	EndGlobalSection
	GlobalSection(ProjectConfigurationPlatforms) = postSolution
		{AB80A810-38F7-4BD9-8C5D-AC7E624680EF}.Debug|Any CPU.ActiveCfg = Debug|Any CPU
		{AB80A810-38F7-4BD9-8C5D-AC7E624680EF}.Debug|Any CPU.Build.0 = Debug|Any CPU
		{AB80A810-38F7-4BD9-8C5D-AC7E624680EF}.Release|Any CPU.ActiveCfg = Release|Any CPU
		{AB80A810-38F7-4BD9-8C5D-AC7E624680EF}.Release|Any CPU.Build.0 = Release|Any CPU
		{AB80A810-38F7-4BD9-8C5D-AC7E624680EF}.Debug.Local|Any CPU.ActiveCfg = Debug.Local|Any CPU
		{AB80A810-38F7-4BD9-8C5D-AC7E624680EF}.Debug.Local|Any CPU.Build.0 = Debug.Local|Any CPU
		{FBAF1110-6A51-4042-B22B-178802E4C7D5}.Debug|Any CPU.ActiveCfg = Debug|Any CPU
		{FBAF1110-6A51-4042-B22B-178802E4C7D5}.Debug|Any CPU.Build.0 = Debug|Any CPU
		{FBAF1110-6A51-4042-B22B-178802E4C7D5}.Release|Any CPU.ActiveCfg = Release|Any CPU
		{FBAF1110-6A51-4042-B22B-178802E4C7D5}.Release|Any CPU.Build.0 = Release|Any CPU
		{FBAF1110-6A51-4042-B22B-178802E4C7D5}.Debug.Local|Any CPU.ActiveCfg = Debug.Local|Any CPU
		{FBAF1110-6A51-4042-B22B-178802E4C7D5}.Debug.Local|Any CPU.Build.0 = Debug.Local|Any CPU
		{C5A329CD-3FF4-436E-A27D-5A9134802C76}.Debug|Any CPU.ActiveCfg = Debug|Any CPU
		{C5A329CD-3FF4-436E-A27D-5A9134802C76}.Debug|Any CPU.Build.0 = Debug|Any CPU
		{C5A329CD-3FF4-436E-A27D-5A9134802C76}.Release|Any CPU.ActiveCfg = Release|Any CPU
		{C5A329CD-3FF4-436E-A27D-5A9134802C76}.Release|Any CPU.Build.0 = Release|Any CPU
		{C5A329CD-3FF4-436E-A27D-5A9134802C76}.Debug.Local|Any CPU.ActiveCfg = Debug.Local|Any CPU
		{C5A329CD-3FF4-436E-A27D-5A9134802C76}.Debug.Local|Any CPU.Build.0 = Debug.Local|Any CPU
		{F1E684E8-2949-431D-9A14-49EE7809D412}.Debug|Any CPU.ActiveCfg = Debug|Any CPU
		{F1E684E8-2949-431D-9A14-49EE7809D412}.Debug|Any CPU.Build.0 = Debug|Any CPU
		{F1E684E8-2949-431D-9A14-49EE7809D412}.Release|Any CPU.ActiveCfg = Release|Any CPU
		{F1E684E8-2949-431D-9A14-49EE7809D412}.Release|Any CPU.Build.0 = Release|Any CPU
		{F1E684E8-2949-431D-9A14-49EE7809D412}.Debug.Local|Any CPU.ActiveCfg = Debug.Local|Any CPU
		{F1E684E8-2949-431D-9A14-49EE7809D412}.Debug.Local|Any CPU.Build.0 = Debug.Local|Any CPU
		{F5190D59-C35E-4D62-BF5C-FE8558C8AE65}.Debug|Any CPU.ActiveCfg = Debug|Any CPU
		{F5190D59-C35E-4D62-BF5C-FE8558C8AE65}.Debug|Any CPU.Build.0 = Debug|Any CPU
		{F5190D59-C35E-4D62-BF5C-FE8558C8AE65}.Release|Any CPU.ActiveCfg = Release|Any CPU
		{F5190D59-C35E-4D62-BF5C-FE8558C8AE65}.Release|Any CPU.Build.0 = Release|Any CPU
		{F5190D59-C35E-4D62-BF5C-FE8558C8AE65}.Debug.Local|Any CPU.ActiveCfg = Debug.Local|Any CPU
		{F5190D59-C35E-4D62-BF5C-FE8558C8AE65}.Debug.Local|Any CPU.Build.0 = Debug.Local|Any CPU
		{59F2EBE0-11B2-43C5-857D-72813518E403}.Debug|Any CPU.ActiveCfg = Debug|Any CPU
		{59F2EBE0-11B2-43C5-857D-72813518E403}.Debug|Any CPU.Build.0 = Debug|Any CPU
		{59F2EBE0-11B2-43C5-857D-72813518E403}.Release|Any CPU.ActiveCfg = Release|Any CPU
		{59F2EBE0-11B2-43C5-857D-72813518E403}.Release|Any CPU.Build.0 = Release|Any CPU
		{59F2EBE0-11B2-43C5-857D-72813518E403}.Debug.Local|Any CPU.ActiveCfg = Debug.Local|Any CPU
		{59F2EBE0-11B2-43C5-857D-72813518E403}.Debug.Local|Any CPU.Build.0 = Debug.Local|Any CPU
		{33470B56-5173-4110-AA34-E1E0A5D21BBB}.Debug|Any CPU.ActiveCfg = Debug|Any CPU
		{33470B56-5173-4110-AA34-E1E0A5D21BBB}.Debug|Any CPU.Build.0 = Debug|Any CPU
		{33470B56-5173-4110-AA34-E1E0A5D21BBB}.Release|Any CPU.ActiveCfg = Release|Any CPU
		{33470B56-5173-4110-AA34-E1E0A5D21BBB}.Release|Any CPU.Build.0 = Release|Any CPU
		{33470B56-5173-4110-AA34-E1E0A5D21BBB}.Debug.Local|Any CPU.ActiveCfg = Debug.Local|Any CPU
		{33470B56-5173-4110-AA34-E1E0A5D21BBB}.Debug.Local|Any CPU.Build.0 = Debug.Local|Any CPU
		{3FD9599B-1F8B-40EF-8B33-3DD2C3999FF8}.Debug|Any CPU.ActiveCfg = Debug|Any CPU
		{3FD9599B-1F8B-40EF-8B33-3DD2C3999FF8}.Debug|Any CPU.Build.0 = Debug|Any CPU
		{3FD9599B-1F8B-40EF-8B33-3DD2C3999FF8}.Release|Any CPU.ActiveCfg = Release|Any CPU
		{3FD9599B-1F8B-40EF-8B33-3DD2C3999FF8}.Release|Any CPU.Build.0 = Release|Any CPU
		{3FD9599B-1F8B-40EF-8B33-3DD2C3999FF8}.Debug.Local|Any CPU.ActiveCfg = Debug.Local|Any CPU
		{3FD9599B-1F8B-40EF-8B33-3DD2C3999FF8}.Debug.Local|Any CPU.Build.0 = Debug.Local|Any CPU
		{D0BCCDF8-CD09-4985-8618-A19EB0B7D9EB}.Debug|Any CPU.ActiveCfg = Debug|Any CPU
		{D0BCCDF8-CD09-4985-8618-A19EB0B7D9EB}.Debug|Any CPU.Build.0 = Debug|Any CPU
		{D0BCCDF8-CD09-4985-8618-A19EB0B7D9EB}.Release|Any CPU.ActiveCfg = Release|Any CPU
		{D0BCCDF8-CD09-4985-8618-A19EB0B7D9EB}.Release|Any CPU.Build.0 = Release|Any CPU
		{D0BCCDF8-CD09-4985-8618-A19EB0B7D9EB}.Debug.Local|Any CPU.ActiveCfg = Debug.Local|Any CPU
		{D0BCCDF8-CD09-4985-8618-A19EB0B7D9EB}.Debug.Local|Any CPU.Build.0 = Debug.Local|Any CPU
		{A43F4BBE-0DD2-41D1-81C4-365382D5358F}.Debug|Any CPU.ActiveCfg = Debug|Any CPU
		{A43F4BBE-0DD2-41D1-81C4-365382D5358F}.Debug|Any CPU.Build.0 = Debug|Any CPU
		{A43F4BBE-0DD2-41D1-81C4-365382D5358F}.Release|Any CPU.ActiveCfg = Release|Any CPU
		{A43F4BBE-0DD2-41D1-81C4-365382D5358F}.Release|Any CPU.Build.0 = Release|Any CPU
		{A43F4BBE-0DD2-41D1-81C4-365382D5358F}.Debug.Local|Any CPU.ActiveCfg = Debug.Local|Any CPU
		{A43F4BBE-0DD2-41D1-81C4-365382D5358F}.Debug.Local|Any CPU.Build.0 = Debug.Local|Any CPU
		{9B7947D0-769B-43D7-9C5C-006A623F456E}.Debug|Any CPU.ActiveCfg = Debug|Any CPU
		{9B7947D0-769B-43D7-9C5C-006A623F456E}.Debug|Any CPU.Build.0 = Debug|Any CPU
		{9B7947D0-769B-43D7-9C5C-006A623F456E}.Release|Any CPU.ActiveCfg = Release|Any CPU
		{9B7947D0-769B-43D7-9C5C-006A623F456E}.Release|Any CPU.Build.0 = Release|Any CPU
		{9B7947D0-769B-43D7-9C5C-006A623F456E}.Debug.Local|Any CPU.ActiveCfg = Debug.Local|Any CPU
		{9B7947D0-769B-43D7-9C5C-006A623F456E}.Debug.Local|Any CPU.Build.0 = Debug.Local|Any CPU
		{F06B4CE5-1BB3-4C36-8811-417AFAA396A8}.Debug|Any CPU.ActiveCfg = Debug|Any CPU
		{F06B4CE5-1BB3-4C36-8811-417AFAA396A8}.Debug|Any CPU.Build.0 = Debug|Any CPU
		{F06B4CE5-1BB3-4C36-8811-417AFAA396A8}.Release|Any CPU.ActiveCfg = Release|Any CPU
		{F06B4CE5-1BB3-4C36-8811-417AFAA396A8}.Release|Any CPU.Build.0 = Release|Any CPU
		{F06B4CE5-1BB3-4C36-8811-417AFAA396A8}.Debug.Local|Any CPU.ActiveCfg = Debug.Local|Any CPU
		{F06B4CE5-1BB3-4C36-8811-417AFAA396A8}.Debug.Local|Any CPU.Build.0 = Debug.Local|Any CPU
		{031217C4-D1E3-4074-B173-D1CD0931A943}.Debug|Any CPU.ActiveCfg = Debug|Any CPU
		{031217C4-D1E3-4074-B173-D1CD0931A943}.Debug|Any CPU.Build.0 = Debug|Any CPU
		{031217C4-D1E3-4074-B173-D1CD0931A943}.Release|Any CPU.ActiveCfg = Release|Any CPU
		{031217C4-D1E3-4074-B173-D1CD0931A943}.Release|Any CPU.Build.0 = Release|Any CPU
		{031217C4-D1E3-4074-B173-D1CD0931A943}.Debug.Local|Any CPU.ActiveCfg = Debug.Local|Any CPU
		{031217C4-D1E3-4074-B173-D1CD0931A943}.Debug.Local|Any CPU.Build.0 = Debug.Local|Any CPU
		{9E41DFD4-3757-4596-A0C8-EC7C27501177}.Debug|Any CPU.ActiveCfg = Debug|Any CPU
		{9E41DFD4-3757-4596-A0C8-EC7C27501177}.Debug|Any CPU.Build.0 = Debug|Any CPU
		{9E41DFD4-3757-4596-A0C8-EC7C27501177}.Release|Any CPU.ActiveCfg = Release|Any CPU
		{9E41DFD4-3757-4596-A0C8-EC7C27501177}.Release|Any CPU.Build.0 = Release|Any CPU
		{9E41DFD4-3757-4596-A0C8-EC7C27501177}.Debug.Local|Any CPU.ActiveCfg = Debug.Local|Any CPU
		{9E41DFD4-3757-4596-A0C8-EC7C27501177}.Debug.Local|Any CPU.Build.0 = Debug.Local|Any CPU
		{8F72236A-605C-413A-9CB6-0540B9F9D15D}.Debug|Any CPU.ActiveCfg = Debug|Any CPU
		{8F72236A-605C-413A-9CB6-0540B9F9D15D}.Debug|Any CPU.Build.0 = Debug|Any CPU
		{8F72236A-605C-413A-9CB6-0540B9F9D15D}.Release|Any CPU.ActiveCfg = Release|Any CPU
		{8F72236A-605C-413A-9CB6-0540B9F9D15D}.Release|Any CPU.Build.0 = Release|Any CPU
		{8F72236A-605C-413A-9CB6-0540B9F9D15D}.Debug.Local|Any CPU.ActiveCfg = Debug.Local|Any CPU
		{8F72236A-605C-413A-9CB6-0540B9F9D15D}.Debug.Local|Any CPU.Build.0 = Debug.Local|Any CPU
		{BD8195B5-DF8E-4D62-9928-6C228467205E}.Debug|Any CPU.ActiveCfg = Debug|Any CPU
		{BD8195B5-DF8E-4D62-9928-6C228467205E}.Debug|Any CPU.Build.0 = Debug|Any CPU
		{BD8195B5-DF8E-4D62-9928-6C228467205E}.Release|Any CPU.ActiveCfg = Release|Any CPU
		{BD8195B5-DF8E-4D62-9928-6C228467205E}.Release|Any CPU.Build.0 = Release|Any CPU
		{BD8195B5-DF8E-4D62-9928-6C228467205E}.Debug.Local|Any CPU.ActiveCfg = Debug|Any CPU
		{BD8195B5-DF8E-4D62-9928-6C228467205E}.Debug.Local|Any CPU.Build.0 = Debug|Any CPU
		{A268FD8D-AAB2-48F4-8064-4DF96376FC44}.Debug|Any CPU.ActiveCfg = Debug|Any CPU
		{A268FD8D-AAB2-48F4-8064-4DF96376FC44}.Debug|Any CPU.Build.0 = Debug|Any CPU
		{A268FD8D-AAB2-48F4-8064-4DF96376FC44}.Release|Any CPU.ActiveCfg = Release|Any CPU
		{A268FD8D-AAB2-48F4-8064-4DF96376FC44}.Release|Any CPU.Build.0 = Release|Any CPU
		{A268FD8D-AAB2-48F4-8064-4DF96376FC44}.Debug.Local|Any CPU.ActiveCfg = Debug|Any CPU
		{A268FD8D-AAB2-48F4-8064-4DF96376FC44}.Debug.Local|Any CPU.Build.0 = Debug|Any CPU
	EndGlobalSection
	GlobalSection(SolutionProperties) = preSolution
		HideSolutionNode = FALSE
	EndGlobalSection
	GlobalSection(ExtensibilityGlobals) = postSolution
		SolutionGuid = {164D71B8-3253-43D4-8B8F-F2B53FBDEAE6}
	EndGlobalSection
	GlobalSection(NestedProjects) = preSolution
		{AB80A810-38F7-4BD9-8C5D-AC7E624680EF} = {A626F27B-46F7-4579-8700-342439C930F0}
		{FBAF1110-6A51-4042-B22B-178802E4C7D5} = {A626F27B-46F7-4579-8700-342439C930F0}
		{C5A329CD-3FF4-436E-A27D-5A9134802C76} = {A626F27B-46F7-4579-8700-342439C930F0}
		{F1E684E8-2949-431D-9A14-49EE7809D412} = {A626F27B-46F7-4579-8700-342439C930F0}
		{F5190D59-C35E-4D62-BF5C-FE8558C8AE65} = {A626F27B-46F7-4579-8700-342439C930F0}
		{59F2EBE0-11B2-43C5-857D-72813518E403} = {A626F27B-46F7-4579-8700-342439C930F0}
		{33470B56-5173-4110-AA34-E1E0A5D21BBB} = {A626F27B-46F7-4579-8700-342439C930F0}
		{3FD9599B-1F8B-40EF-8B33-3DD2C3999FF8} = {A626F27B-46F7-4579-8700-342439C930F0}
		{D0BCCDF8-CD09-4985-8618-A19EB0B7D9EB} = {A626F27B-46F7-4579-8700-342439C930F0}
		{A43F4BBE-0DD2-41D1-81C4-365382D5358F} = {A626F27B-46F7-4579-8700-342439C930F0}
		{9B7947D0-769B-43D7-9C5C-006A623F456E} = {A626F27B-46F7-4579-8700-342439C930F0}
		{F06B4CE5-1BB3-4C36-8811-417AFAA396A8} = {A626F27B-46F7-4579-8700-342439C930F0}
		{031217C4-D1E3-4074-B173-D1CD0931A943} = {A626F27B-46F7-4579-8700-342439C930F0}
		{9E41DFD4-3757-4596-A0C8-EC7C27501177} = {A626F27B-46F7-4579-8700-342439C930F0}
		{8F72236A-605C-413A-9CB6-0540B9F9D15D} = {A626F27B-46F7-4579-8700-342439C930F0}
		{BD8195B5-DF8E-4D62-9928-6C228467205E} = {A626F27B-46F7-4579-8700-342439C930F0}
		{A268FD8D-AAB2-48F4-8064-4DF96376FC44} = {A626F27B-46F7-4579-8700-342439C930F0}
	EndGlobalSection
EndGlobal
