
Microsoft Visual Studio Solution File, Format Version 12.00
# Visual Studio Version 16
VisualStudioVersion = 16.0.810.14
MinimumVisualStudioVersion = 10.0.40219.1
Project("{2150E333-8FDC-42A3-9474-1A3956D46DE8}") = "src", "src", "{A626F27B-46F7-4579-8700-342439C930F0}"
EndProject
Project("{FAE04EC0-301F-11D3-BF4B-00C04F79EFBC}") = "TnyFramework.Net", "src\TnyFramework.Net\TnyFramework.Net.csproj", "{AB80A810-38F7-4BD9-8C5D-AC7E624680EF}"
EndProject
Project("{FAE04EC0-301F-11D3-BF4B-00C04F79EFBC}") = "TnyFramework.Net.DotNetty", "src\TnyFramework.Net.DotNetty\TnyFramework.Net.DotNetty.csproj", "{FBAF1110-6A51-4042-B22B-178802E4C7D5}"
EndProject
Project("{FAE04EC0-301F-11D3-BF4B-00C04F79EFBC}") = "TnyFramework.Common", "src\TnyFramework.Common\TnyFramework.Common.csproj", "{C5A329CD-3FF4-436E-A27D-5A9134802C76}"
EndProject
Project("{FAE04EC0-301F-11D3-BF4B-00C04F79EFBC}") = "TnyFramework.Net.ProtobufNet", "src\TnyFramework.Net.ProtobufNet\TnyFramework.Net.ProtobufNet.csproj", "{F5190D59-C35E-4D62-BF5C-FE8558C8AE65}"
EndProject
Project("{FAE04EC0-301F-11D3-BF4B-00C04F79EFBC}") = "TnyFramework.Coroutines", "src\TnyFramework.Coroutines\TnyFramework.Coroutines.csproj", "{59F2EBE0-11B2-43C5-857D-72813518E403}"
EndProject
Project("{FAE04EC0-301F-11D3-BF4B-00C04F79EFBC}") = "TnyFramework.DI", "src\TnyFramework.DI\TnyFramework.DI.csproj", "{3FD9599B-1F8B-40EF-8B33-3DD2C3999FF8}"
EndProject
Project("{FAE04EC0-301F-11D3-BF4B-00C04F79EFBC}") = "TnyFramework.DI.Attributes", "src\TnyFramework.DI.Attributes\TnyFramework.DI.Attributes.csproj", "{D0BCCDF8-CD09-4985-8618-A19EB0B7D9EB}"
EndProject
Project("{FAE04EC0-301F-11D3-BF4B-00C04F79EFBC}") = "TnyFramework.Net.DotNetty.Hosting", "src\TnyFramework.Net.DotNetty.Hosting\TnyFramework.Net.DotNetty.Hosting.csproj", "{A43F4BBE-0DD2-41D1-81C4-365382D5358F}"
EndProject
Project("{FAE04EC0-301F-11D3-BF4B-00C04F79EFBC}") = "TnyFramework.Net.Rpc", "src\TnyFramework.Net.Rpc\TnyFramework.Net.Rpc.csproj", "{9B7947D0-769B-43D7-9C5C-006A623F456E}"
EndProject
Project("{FAE04EC0-301F-11D3-BF4B-00C04F79EFBC}") = "TnyFramework.Common.Logger", "src\TnyFramework.Common.Logger\TnyFramework.Common.Logger.csproj", "{F06B4CE5-1BB3-4C36-8811-417AFAA396A8}"
EndProject
Project("{FAE04EC0-301F-11D3-BF4B-00C04F79EFBC}") = "TnyFramework.Common.Logger.Console", "src\TnyFramework.Common.Logger.Console\TnyFramework.Common.Logger.Console.csproj", "{031217C4-D1E3-4074-B173-D1CD0931A943}"
EndProject
Project("{FAE04EC0-301F-11D3-BF4B-00C04F79EFBC}") = "TnyFramework.Net.Cloud.Nacos", "src\TnyFramework.Net.Cloud.Nacos\TnyFramework.Net.Cloud.Nacos.csproj", "{A268FD8D-AAB2-48F4-8064-4DF96376FC44}"
EndProject
Project("{FAE04EC0-301F-11D3-BF4B-00C04F79EFBC}") = "TnyFramework.Codec", "src\TnyFramework.Codec\TnyFramework.Codec.csproj", "{A3E4C966-876E-4ECD-88F3-487B605CA612}"
EndProject
Project("{FAE04EC0-301F-11D3-BF4B-00C04F79EFBC}") = "TnyFramework.Codec.ProtobufNet", "src\TnyFramework.Codec.ProtobufNet\TnyFramework.Codec.ProtobufNet.csproj", "{24CA5E28-C184-4631-BA37-2B575A3A4C91}"
EndProject
Project("{FAE04EC0-301F-11D3-BF4B-00C04F79EFBC}") = "TnyFramework.Codec.Newtonsoft", "src\TnyFramework.Codec.Newtonsoft\TnyFramework.Codec.Newtonsoft.csproj", "{76B590E7-7D38-43C8-8099-A5586B02979D}"
EndProject
Project("{FAE04EC0-301F-11D3-BF4B-00C04F79EFBC}") = "TnyFramework.Namespace", "src\TnyFramework.Namespace\TnyFramework.Namespace.csproj", "{31859161-5681-484E-9589-B7E3554DD08C}"
EndProject
Project("{FAE04EC0-301F-11D3-BF4B-00C04F79EFBC}") = "TnyFramework.Namespace.Etcd", "src\TnyFramework.Namespace.Etcd\TnyFramework.Namespace.Etcd.csproj", "{E2718AE6-23E2-4954-A7C4-28F4F3464EB2}"
EndProject
Project("{FAE04EC0-301F-11D3-BF4B-00C04F79EFBC}") = "TnyFramework.Namespace.Algorithm.HashFunction", "src\TnyFramework.Namespace.Algorithm.HashFunction\TnyFramework.Namespace.Algorithm.HashFunction.csproj", "{0BFB2E80-3AEE-4973-891E-CB10D3D64394}"
EndProject
Project("{FAE04EC0-301F-11D3-BF4B-00C04F79EFBC}") = "TnyFramework.Namespace.Algorithm.XXHash3", "src\TnyFramework.Namespace.Algorithm.XXHash3\TnyFramework.Namespace.Algorithm.XXHash3.csproj", "{1B72E799-6C20-4293-BBC9-E0105DC6A2C4}"
EndProject
Project("{FAE04EC0-301F-11D3-BF4B-00C04F79EFBC}") = "TnyFramework.Namespace.Algorithm", "src\TnyFramework.Namespace.Algorithm\TnyFramework.Namespace.Algorithm.csproj", "{65719B36-2A28-4DB8-81A8-877ED52D834A}"
EndProject
Project("{FAE04EC0-301F-11D3-BF4B-00C04F79EFBC}") = "TnyFramework.Namespace.Etcd.Test", "test\TnyFramework.Namespace.Etcd.Test\TnyFramework.Namespace.Etcd.Test.csproj", "{1474B5CE-AD19-4F97-A7F9-05553E60CA25}"
EndProject
Project("{FAE04EC0-301F-11D3-BF4B-00C04F79EFBC}") = "TnyFramework.Namespace.Etcd.Hosting", "src\TnyFramework.Namespace.Etcd.Hosting\TnyFramework.Namespace.Etcd.Hosting.csproj", "{D6320E10-E046-4593-A272-CFAF67A8B635}"
EndProject
Project("{FAE04EC0-301F-11D3-BF4B-00C04F79EFBC}") = "TnyFramework.Common.Lifecycle", "src\TnyFramework.Common.Lifecycle\TnyFramework.Common.Lifecycle.csproj", "{FCC5A805-D8F2-4D50-8E15-CC0591232CF9}"
EndProject
Project("{FAE04EC0-301F-11D3-BF4B-00C04F79EFBC}") = "TnyFramework.DI.Hosting", "src\TnyFramework.DI.Hosting\TnyFramework.DI.Hosting.csproj", "{ABC5CD1F-5BFE-4EF6-8311-EB28F4851F1F}"
EndProject
Project("{FAE04EC0-301F-11D3-BF4B-00C04F79EFBC}") = "TnyFramework.FreeRedis.Hosting", "src\TnyFramework.FreeRedis.Hosting\TnyFramework.FreeRedis.Hosting.csproj", "{2B5C335B-BA3E-4E3E-8D62-35665B3B08C2}"
EndProject
Project("{FAE04EC0-301F-11D3-BF4B-00C04F79EFBC}") = "TnyFramework.Net.Apm.Skywalking.Hosting", "src\TnyFramework.Net.Apm.Skywalking.Hosting\TnyFramework.Net.Apm.Skywalking.Hosting.csproj", "{8AAF0A00-5DEE-45EF-BBF3-3BC1758529EE}"
EndProject
Project("{2150E333-8FDC-42A3-9474-1A3956D46DE8}") = "test", "test", "{CE345C58-8EB5-4E4F-A8DF-79246B383485}"
EndProject
Project("{FAE04EC0-301F-11D3-BF4B-00C04F79EFBC}") = "TnyFramework.Coroutines.Test", "test\TnyFramework.Coroutines.Test\TnyFramework.Coroutines.Test.csproj", "{B2327DA5-5722-4570-83D2-DA8436D786D4}"
EndProject
Project("{FAE04EC0-301F-11D3-BF4B-00C04F79EFBC}") = "TnyFramework.Demo.Test", "test\TnyFramework.Demo.Test\TnyFramework.Demo.Test.csproj", "{2D0EFA0C-D4E0-4D3C-9A81-917AD83E2015}"
EndProject
Project("{FAE04EC0-301F-11D3-BF4B-00C04F79EFBC}") = "TnyFramework.Net.Hosting", "src\TnyFramework.Net.Hosting\TnyFramework.Net.Hosting.csproj", "{1EB163DA-8122-4F5A-BA0C-0C4032F0EE64}"
EndProject
Project("{FAE04EC0-301F-11D3-BF4B-00C04F79EFBC}") = "TnyFramework.Extensions.Configuration.Json", "src\TnyFramework.Extensions.Configuration.Json\TnyFramework.Extensions.Configuration.Json.csproj", "{5991C7F6-FFD2-47B3-8BCA-82DA900443BC}"
EndProject
Project("{FAE04EC0-301F-11D3-BF4B-00C04F79EFBC}") = "TnyFramework.Extensions.Configuration", "src\TnyFramework.Extensions.Configuration\TnyFramework.Extensions.Configuration.csproj", "{CF068CB4-0BBA-4B85-9FE0-FED0EB14DD15}"
EndProject
Project("{FAE04EC0-301F-11D3-BF4B-00C04F79EFBC}") = "TnyFramework.Extensions.Configuration.Yaml", "src\TnyFramework.Extensions.Configuration.Yaml\TnyFramework.Extensions.Configuration.Yaml.csproj", "{D16E9C90-226A-438C-8F3F-84942A21D26B}"
EndProject
Project("{FAE04EC0-301F-11D3-BF4B-00C04F79EFBC}") = "TnyFramework.Hosting", "src\TnyFramework.Hosting\TnyFramework.Hosting.csproj", "{CFFDFE0A-C542-4505-AC2B-6DAB5E32D54E}"
EndProject
Project("{FAE04EC0-301F-11D3-BF4B-00C04F79EFBC}") = "TnyFramework.Net.DotNetty.Demo", "test\TnyFramework.Net.DotNetty.Demo\TnyFramework.Net.DotNetty.Demo.csproj", "{4F7E18B4-8EA3-4183-B1D3-33194DF67C1D}"
EndProject
Project("{FAE04EC0-301F-11D3-BF4B-00C04F79EFBC}") = "TnyFramework.NLog.Hosting", "src\TnyFramework.NLog.Hosting\TnyFramework.NLog.Hosting.csproj", "{E9B096BD-FFC0-4EFA-9EEA-08A29C5BA1F0}"
EndProject
Project("{FAE04EC0-301F-11D3-BF4B-00C04F79EFBC}") = "TnyFramework.Common.Test", "test\TnyFramework.Common.Test\TnyFramework.Common.Test.csproj", "{85A89B36-2FCE-43A2-9A59-CA52DADE60DE}"
EndProject
Project("{FAE04EC0-301F-11D3-BF4B-00C04F79EFBC}") = "TnyFramework.Common.Scanner", "src\TnyFramework.Common.Scanner\TnyFramework.Common.Scanner.csproj", "{307C0A03-30B6-489F-A025-F3FF14DB2DD0}"
EndProject
Project("{FAE04EC0-301F-11D3-BF4B-00C04F79EFBC}") = "TnyFramework.Common.Reflection", "src\TnyFramework.Common.Reflection\TnyFramework.Common.Reflection.csproj", "{5B95D1E7-9899-45E0-B60E-5CD3D8236CD1}"
EndProject
Project("{FAE04EC0-301F-11D3-BF4B-00C04F79EFBC}") = "TnyFramework.Common.EventBus", "src\TnyFramework.Common.EventBus\TnyFramework.Common.EventBus.csproj", "{E31CF09C-1219-4812-96D4-D1161AFC7A67}"
EndProject
Project("{FAE04EC0-301F-11D3-BF4B-00C04F79EFBC}") = "TnyFramework.Common.Binary", "src\TnyFramework.Common.Binary\TnyFramework.Common.Binary.csproj", "{AB342999-6967-43E8-BD94-4D9CAFB4D045}"
EndProject
Project("{FAE04EC0-301F-11D3-BF4B-00C04F79EFBC}") = "TnyFramework.Net.Nats", "src\TnyFramework.Net.Nats\TnyFramework.Net.Nats.csproj", "{FF4C49C2-AA83-4754-94A6-1E3639E6C050}"
EndProject
Project("{FAE04EC0-301F-11D3-BF4B-00C04F79EFBC}") = "TnyFramework.Net.Nats.Hosting", "src\TnyFramework.Net.Nats.Hosting\TnyFramework.Net.Nats.Hosting.csproj", "{29BF0BAC-CED3-4DFD-A72F-F5456D30D8DC}"
EndProject
Project("{FAE04EC0-301F-11D3-BF4B-00C04F79EFBC}") = "TnyFramework.Net.Nats.Hosting.Demo", "test\TnyFramework.Net.Nats.Hosting.Demo\TnyFramework.Net.Nats.Hosting.Demo.csproj", "{98D9513E-9CAB-4842-9DCC-DC856C876930}"
EndProject
Global
	GlobalSection(SolutionConfigurationPlatforms) = preSolution
		Debug|Any CPU = Debug|Any CPU
		Release|Any CPU = Release|Any CPU
		Publish|Any CPU = Publish|Any CPU
	EndGlobalSection
	GlobalSection(ProjectConfigurationPlatforms) = postSolution
		{AB80A810-38F7-4BD9-8C5D-AC7E624680EF}.Debug|Any CPU.ActiveCfg = Debug|Any CPU
		{AB80A810-38F7-4BD9-8C5D-AC7E624680EF}.Debug|Any CPU.Build.0 = Debug|Any CPU
		{AB80A810-38F7-4BD9-8C5D-AC7E624680EF}.Release|Any CPU.ActiveCfg = Release|Any CPU
		{AB80A810-38F7-4BD9-8C5D-AC7E624680EF}.Release|Any CPU.Build.0 = Release|Any CPU
		{AB80A810-38F7-4BD9-8C5D-AC7E624680EF}.Publish|Any CPU.ActiveCfg = Publish|Any CPU
		{AB80A810-38F7-4BD9-8C5D-AC7E624680EF}.Publish|Any CPU.Build.0 = Publish|Any CPU
		{FBAF1110-6A51-4042-B22B-178802E4C7D5}.Debug|Any CPU.ActiveCfg = Debug|Any CPU
		{FBAF1110-6A51-4042-B22B-178802E4C7D5}.Debug|Any CPU.Build.0 = Debug|Any CPU
		{FBAF1110-6A51-4042-B22B-178802E4C7D5}.Release|Any CPU.ActiveCfg = Release|Any CPU
		{FBAF1110-6A51-4042-B22B-178802E4C7D5}.Release|Any CPU.Build.0 = Release|Any CPU
		{FBAF1110-6A51-4042-B22B-178802E4C7D5}.Publish|Any CPU.ActiveCfg = Publish|Any CPU
		{FBAF1110-6A51-4042-B22B-178802E4C7D5}.Publish|Any CPU.Build.0 = Publish|Any CPU
		{C5A329CD-3FF4-436E-A27D-5A9134802C76}.Debug|Any CPU.ActiveCfg = Debug|Any CPU
		{C5A329CD-3FF4-436E-A27D-5A9134802C76}.Debug|Any CPU.Build.0 = Debug|Any CPU
		{C5A329CD-3FF4-436E-A27D-5A9134802C76}.Release|Any CPU.ActiveCfg = Release|Any CPU
		{C5A329CD-3FF4-436E-A27D-5A9134802C76}.Release|Any CPU.Build.0 = Release|Any CPU
		{C5A329CD-3FF4-436E-A27D-5A9134802C76}.Publish|Any CPU.ActiveCfg = Publish|Any CPU
		{C5A329CD-3FF4-436E-A27D-5A9134802C76}.Publish|Any CPU.Build.0 = Publish|Any CPU
		{F5190D59-C35E-4D62-BF5C-FE8558C8AE65}.Debug|Any CPU.ActiveCfg = Debug|Any CPU
		{F5190D59-C35E-4D62-BF5C-FE8558C8AE65}.Debug|Any CPU.Build.0 = Debug|Any CPU
		{F5190D59-C35E-4D62-BF5C-FE8558C8AE65}.Release|Any CPU.ActiveCfg = Release|Any CPU
		{F5190D59-C35E-4D62-BF5C-FE8558C8AE65}.Release|Any CPU.Build.0 = Release|Any CPU
		{F5190D59-C35E-4D62-BF5C-FE8558C8AE65}.Publish|Any CPU.ActiveCfg = Publish|Any CPU
		{F5190D59-C35E-4D62-BF5C-FE8558C8AE65}.Publish|Any CPU.Build.0 = Publish|Any CPU
		{59F2EBE0-11B2-43C5-857D-72813518E403}.Debug|Any CPU.ActiveCfg = Debug|Any CPU
		{59F2EBE0-11B2-43C5-857D-72813518E403}.Debug|Any CPU.Build.0 = Debug|Any CPU
		{59F2EBE0-11B2-43C5-857D-72813518E403}.Release|Any CPU.ActiveCfg = Release|Any CPU
		{59F2EBE0-11B2-43C5-857D-72813518E403}.Release|Any CPU.Build.0 = Release|Any CPU
		{59F2EBE0-11B2-43C5-857D-72813518E403}.Publish|Any CPU.ActiveCfg = Publish|Any CPU
		{59F2EBE0-11B2-43C5-857D-72813518E403}.Publish|Any CPU.Build.0 = Publish|Any CPU
		{3FD9599B-1F8B-40EF-8B33-3DD2C3999FF8}.Debug|Any CPU.ActiveCfg = Debug|Any CPU
		{3FD9599B-1F8B-40EF-8B33-3DD2C3999FF8}.Debug|Any CPU.Build.0 = Debug|Any CPU
		{3FD9599B-1F8B-40EF-8B33-3DD2C3999FF8}.Release|Any CPU.ActiveCfg = Release|Any CPU
		{3FD9599B-1F8B-40EF-8B33-3DD2C3999FF8}.Release|Any CPU.Build.0 = Release|Any CPU
		{3FD9599B-1F8B-40EF-8B33-3DD2C3999FF8}.Publish|Any CPU.ActiveCfg = Publish|Any CPU
		{3FD9599B-1F8B-40EF-8B33-3DD2C3999FF8}.Publish|Any CPU.Build.0 = Publish|Any CPU
		{D0BCCDF8-CD09-4985-8618-A19EB0B7D9EB}.Debug|Any CPU.ActiveCfg = Debug|Any CPU
		{D0BCCDF8-CD09-4985-8618-A19EB0B7D9EB}.Debug|Any CPU.Build.0 = Debug|Any CPU
		{D0BCCDF8-CD09-4985-8618-A19EB0B7D9EB}.Release|Any CPU.ActiveCfg = Release|Any CPU
		{D0BCCDF8-CD09-4985-8618-A19EB0B7D9EB}.Release|Any CPU.Build.0 = Release|Any CPU
		{D0BCCDF8-CD09-4985-8618-A19EB0B7D9EB}.Publish|Any CPU.ActiveCfg = Publish|Any CPU
		{D0BCCDF8-CD09-4985-8618-A19EB0B7D9EB}.Publish|Any CPU.Build.0 = Publish|Any CPU
		{A43F4BBE-0DD2-41D1-81C4-365382D5358F}.Debug|Any CPU.ActiveCfg = Debug|Any CPU
		{A43F4BBE-0DD2-41D1-81C4-365382D5358F}.Debug|Any CPU.Build.0 = Debug|Any CPU
		{A43F4BBE-0DD2-41D1-81C4-365382D5358F}.Release|Any CPU.ActiveCfg = Release|Any CPU
		{A43F4BBE-0DD2-41D1-81C4-365382D5358F}.Release|Any CPU.Build.0 = Release|Any CPU
		{A43F4BBE-0DD2-41D1-81C4-365382D5358F}.Publish|Any CPU.ActiveCfg = Publish|Any CPU
		{A43F4BBE-0DD2-41D1-81C4-365382D5358F}.Publish|Any CPU.Build.0 = Publish|Any CPU
		{9B7947D0-769B-43D7-9C5C-006A623F456E}.Debug|Any CPU.ActiveCfg = Debug|Any CPU
		{9B7947D0-769B-43D7-9C5C-006A623F456E}.Debug|Any CPU.Build.0 = Debug|Any CPU
		{9B7947D0-769B-43D7-9C5C-006A623F456E}.Release|Any CPU.ActiveCfg = Release|Any CPU
		{9B7947D0-769B-43D7-9C5C-006A623F456E}.Release|Any CPU.Build.0 = Release|Any CPU
		{9B7947D0-769B-43D7-9C5C-006A623F456E}.Publish|Any CPU.ActiveCfg = Publish|Any CPU
		{9B7947D0-769B-43D7-9C5C-006A623F456E}.Publish|Any CPU.Build.0 = Publish|Any CPU
		{F06B4CE5-1BB3-4C36-8811-417AFAA396A8}.Debug|Any CPU.ActiveCfg = Debug|Any CPU
		{F06B4CE5-1BB3-4C36-8811-417AFAA396A8}.Debug|Any CPU.Build.0 = Debug|Any CPU
		{F06B4CE5-1BB3-4C36-8811-417AFAA396A8}.Release|Any CPU.ActiveCfg = Release|Any CPU
		{F06B4CE5-1BB3-4C36-8811-417AFAA396A8}.Release|Any CPU.Build.0 = Release|Any CPU
		{F06B4CE5-1BB3-4C36-8811-417AFAA396A8}.Publish|Any CPU.ActiveCfg = Publish|Any CPU
		{F06B4CE5-1BB3-4C36-8811-417AFAA396A8}.Publish|Any CPU.Build.0 = Publish|Any CPU
		{031217C4-D1E3-4074-B173-D1CD0931A943}.Debug|Any CPU.ActiveCfg = Debug|Any CPU
		{031217C4-D1E3-4074-B173-D1CD0931A943}.Debug|Any CPU.Build.0 = Debug|Any CPU
		{031217C4-D1E3-4074-B173-D1CD0931A943}.Release|Any CPU.ActiveCfg = Release|Any CPU
		{031217C4-D1E3-4074-B173-D1CD0931A943}.Release|Any CPU.Build.0 = Release|Any CPU
		{031217C4-D1E3-4074-B173-D1CD0931A943}.Publish|Any CPU.ActiveCfg = Publish|Any CPU
		{031217C4-D1E3-4074-B173-D1CD0931A943}.Publish|Any CPU.Build.0 = Publish|Any CPU
		{A268FD8D-AAB2-48F4-8064-4DF96376FC44}.Debug|Any CPU.ActiveCfg = Debug|Any CPU
		{A268FD8D-AAB2-48F4-8064-4DF96376FC44}.Debug|Any CPU.Build.0 = Debug|Any CPU
		{A268FD8D-AAB2-48F4-8064-4DF96376FC44}.Release|Any CPU.ActiveCfg = Release|Any CPU
		{A268FD8D-AAB2-48F4-8064-4DF96376FC44}.Release|Any CPU.Build.0 = Release|Any CPU
		{A268FD8D-AAB2-48F4-8064-4DF96376FC44}.Publish|Any CPU.ActiveCfg = Publish|Any CPU
		{A268FD8D-AAB2-48F4-8064-4DF96376FC44}.Publish|Any CPU.Build.0 = Publish|Any CPU
		{A3E4C966-876E-4ECD-88F3-487B605CA612}.Debug|Any CPU.ActiveCfg = Debug|Any CPU
		{A3E4C966-876E-4ECD-88F3-487B605CA612}.Debug|Any CPU.Build.0 = Debug|Any CPU
		{A3E4C966-876E-4ECD-88F3-487B605CA612}.Release|Any CPU.ActiveCfg = Release|Any CPU
		{A3E4C966-876E-4ECD-88F3-487B605CA612}.Release|Any CPU.Build.0 = Release|Any CPU
		{A3E4C966-876E-4ECD-88F3-487B605CA612}.Publish|Any CPU.ActiveCfg = Publish|Any CPU
		{A3E4C966-876E-4ECD-88F3-487B605CA612}.Publish|Any CPU.Build.0 = Publish|Any CPU
		{24CA5E28-C184-4631-BA37-2B575A3A4C91}.Debug|Any CPU.ActiveCfg = Debug|Any CPU
		{24CA5E28-C184-4631-BA37-2B575A3A4C91}.Debug|Any CPU.Build.0 = Debug|Any CPU
		{24CA5E28-C184-4631-BA37-2B575A3A4C91}.Release|Any CPU.ActiveCfg = Release|Any CPU
		{24CA5E28-C184-4631-BA37-2B575A3A4C91}.Release|Any CPU.Build.0 = Release|Any CPU
		{24CA5E28-C184-4631-BA37-2B575A3A4C91}.Publish|Any CPU.ActiveCfg = Publish|Any CPU
		{24CA5E28-C184-4631-BA37-2B575A3A4C91}.Publish|Any CPU.Build.0 = Publish|Any CPU
		{76B590E7-7D38-43C8-8099-A5586B02979D}.Debug|Any CPU.ActiveCfg = Debug|Any CPU
		{76B590E7-7D38-43C8-8099-A5586B02979D}.Debug|Any CPU.Build.0 = Debug|Any CPU
		{76B590E7-7D38-43C8-8099-A5586B02979D}.Release|Any CPU.ActiveCfg = Release|Any CPU
		{76B590E7-7D38-43C8-8099-A5586B02979D}.Release|Any CPU.Build.0 = Release|Any CPU
		{76B590E7-7D38-43C8-8099-A5586B02979D}.Publish|Any CPU.ActiveCfg = Publish|Any CPU
		{76B590E7-7D38-43C8-8099-A5586B02979D}.Publish|Any CPU.Build.0 = Publish|Any CPU
		{31859161-5681-484E-9589-B7E3554DD08C}.Debug|Any CPU.ActiveCfg = Debug|Any CPU
		{31859161-5681-484E-9589-B7E3554DD08C}.Debug|Any CPU.Build.0 = Debug|Any CPU
		{31859161-5681-484E-9589-B7E3554DD08C}.Release|Any CPU.ActiveCfg = Release|Any CPU
		{31859161-5681-484E-9589-B7E3554DD08C}.Release|Any CPU.Build.0 = Release|Any CPU
		{31859161-5681-484E-9589-B7E3554DD08C}.Publish|Any CPU.ActiveCfg = Publish|Any CPU
		{31859161-5681-484E-9589-B7E3554DD08C}.Publish|Any CPU.Build.0 = Publish|Any CPU
		{E2718AE6-23E2-4954-A7C4-28F4F3464EB2}.Debug|Any CPU.ActiveCfg = Debug|Any CPU
		{E2718AE6-23E2-4954-A7C4-28F4F3464EB2}.Debug|Any CPU.Build.0 = Debug|Any CPU
		{E2718AE6-23E2-4954-A7C4-28F4F3464EB2}.Release|Any CPU.ActiveCfg = Release|Any CPU
		{E2718AE6-23E2-4954-A7C4-28F4F3464EB2}.Release|Any CPU.Build.0 = Release|Any CPU
		{E2718AE6-23E2-4954-A7C4-28F4F3464EB2}.Publish|Any CPU.ActiveCfg = Publish|Any CPU
		{E2718AE6-23E2-4954-A7C4-28F4F3464EB2}.Publish|Any CPU.Build.0 = Publish|Any CPU
		{0BFB2E80-3AEE-4973-891E-CB10D3D64394}.Debug|Any CPU.ActiveCfg = Debug|Any CPU
		{0BFB2E80-3AEE-4973-891E-CB10D3D64394}.Debug|Any CPU.Build.0 = Debug|Any CPU
		{0BFB2E80-3AEE-4973-891E-CB10D3D64394}.Release|Any CPU.ActiveCfg = Release|Any CPU
		{0BFB2E80-3AEE-4973-891E-CB10D3D64394}.Release|Any CPU.Build.0 = Release|Any CPU
		{0BFB2E80-3AEE-4973-891E-CB10D3D64394}.Publish|Any CPU.ActiveCfg = Publish|Any CPU
		{0BFB2E80-3AEE-4973-891E-CB10D3D64394}.Publish|Any CPU.Build.0 = Publish|Any CPU
		{1B72E799-6C20-4293-BBC9-E0105DC6A2C4}.Debug|Any CPU.ActiveCfg = Debug|Any CPU
		{1B72E799-6C20-4293-BBC9-E0105DC6A2C4}.Debug|Any CPU.Build.0 = Debug|Any CPU
		{1B72E799-6C20-4293-BBC9-E0105DC6A2C4}.Release|Any CPU.ActiveCfg = Release|Any CPU
		{1B72E799-6C20-4293-BBC9-E0105DC6A2C4}.Release|Any CPU.Build.0 = Release|Any CPU
		{1B72E799-6C20-4293-BBC9-E0105DC6A2C4}.Publish|Any CPU.ActiveCfg = Publish|Any CPU
		{1B72E799-6C20-4293-BBC9-E0105DC6A2C4}.Publish|Any CPU.Build.0 = Publish|Any CPU
		{65719B36-2A28-4DB8-81A8-877ED52D834A}.Debug|Any CPU.ActiveCfg = Debug|Any CPU
		{65719B36-2A28-4DB8-81A8-877ED52D834A}.Debug|Any CPU.Build.0 = Debug|Any CPU
		{65719B36-2A28-4DB8-81A8-877ED52D834A}.Release|Any CPU.ActiveCfg = Release|Any CPU
		{65719B36-2A28-4DB8-81A8-877ED52D834A}.Release|Any CPU.Build.0 = Release|Any CPU
		{65719B36-2A28-4DB8-81A8-877ED52D834A}.Publish|Any CPU.ActiveCfg = Publish|Any CPU
		{65719B36-2A28-4DB8-81A8-877ED52D834A}.Publish|Any CPU.Build.0 = Publish|Any CPU
		{1474B5CE-AD19-4F97-A7F9-05553E60CA25}.Debug|Any CPU.ActiveCfg = Debug|Any CPU
		{1474B5CE-AD19-4F97-A7F9-05553E60CA25}.Debug|Any CPU.Build.0 = Debug|Any CPU
		{1474B5CE-AD19-4F97-A7F9-05553E60CA25}.Release|Any CPU.ActiveCfg = Release|Any CPU
		{1474B5CE-AD19-4F97-A7F9-05553E60CA25}.Release|Any CPU.Build.0 = Release|Any CPU
		{1474B5CE-AD19-4F97-A7F9-05553E60CA25}.Publish|Any CPU.ActiveCfg = Debug|Any CPU
		{1474B5CE-AD19-4F97-A7F9-05553E60CA25}.Publish|Any CPU.Build.0 = Debug|Any CPU
		{D6320E10-E046-4593-A272-CFAF67A8B635}.Debug|Any CPU.ActiveCfg = Debug|Any CPU
		{D6320E10-E046-4593-A272-CFAF67A8B635}.Debug|Any CPU.Build.0 = Debug|Any CPU
		{D6320E10-E046-4593-A272-CFAF67A8B635}.Release|Any CPU.ActiveCfg = Release|Any CPU
		{D6320E10-E046-4593-A272-CFAF67A8B635}.Release|Any CPU.Build.0 = Release|Any CPU
		{D6320E10-E046-4593-A272-CFAF67A8B635}.Publish|Any CPU.ActiveCfg = Publish|Any CPU
		{D6320E10-E046-4593-A272-CFAF67A8B635}.Publish|Any CPU.Build.0 = Publish|Any CPU
		{FCC5A805-D8F2-4D50-8E15-CC0591232CF9}.Debug|Any CPU.ActiveCfg = Debug|Any CPU
		{FCC5A805-D8F2-4D50-8E15-CC0591232CF9}.Debug|Any CPU.Build.0 = Debug|Any CPU
		{FCC5A805-D8F2-4D50-8E15-CC0591232CF9}.Release|Any CPU.ActiveCfg = Release|Any CPU
		{FCC5A805-D8F2-4D50-8E15-CC0591232CF9}.Release|Any CPU.Build.0 = Release|Any CPU
		{FCC5A805-D8F2-4D50-8E15-CC0591232CF9}.Publish|Any CPU.ActiveCfg = Publish|Any CPU
		{FCC5A805-D8F2-4D50-8E15-CC0591232CF9}.Publish|Any CPU.Build.0 = Publish|Any CPU
		{ABC5CD1F-5BFE-4EF6-8311-EB28F4851F1F}.Debug|Any CPU.ActiveCfg = Debug|Any CPU
		{ABC5CD1F-5BFE-4EF6-8311-EB28F4851F1F}.Debug|Any CPU.Build.0 = Debug|Any CPU
		{ABC5CD1F-5BFE-4EF6-8311-EB28F4851F1F}.Release|Any CPU.ActiveCfg = Release|Any CPU
		{ABC5CD1F-5BFE-4EF6-8311-EB28F4851F1F}.Release|Any CPU.Build.0 = Release|Any CPU
		{ABC5CD1F-5BFE-4EF6-8311-EB28F4851F1F}.Publish|Any CPU.ActiveCfg = Publish|Any CPU
		{ABC5CD1F-5BFE-4EF6-8311-EB28F4851F1F}.Publish|Any CPU.Build.0 = Publish|Any CPU
		{2B5C335B-BA3E-4E3E-8D62-35665B3B08C2}.Debug|Any CPU.ActiveCfg = Debug|Any CPU
		{2B5C335B-BA3E-4E3E-8D62-35665B3B08C2}.Debug|Any CPU.Build.0 = Debug|Any CPU
		{2B5C335B-BA3E-4E3E-8D62-35665B3B08C2}.Release|Any CPU.ActiveCfg = Release|Any CPU
		{2B5C335B-BA3E-4E3E-8D62-35665B3B08C2}.Release|Any CPU.Build.0 = Release|Any CPU
		{2B5C335B-BA3E-4E3E-8D62-35665B3B08C2}.Publish|Any CPU.ActiveCfg = Publish|Any CPU
		{2B5C335B-BA3E-4E3E-8D62-35665B3B08C2}.Publish|Any CPU.Build.0 = Publish|Any CPU
		{8AAF0A00-5DEE-45EF-BBF3-3BC1758529EE}.Debug|Any CPU.ActiveCfg = Debug|Any CPU
		{8AAF0A00-5DEE-45EF-BBF3-3BC1758529EE}.Debug|Any CPU.Build.0 = Debug|Any CPU
		{8AAF0A00-5DEE-45EF-BBF3-3BC1758529EE}.Release|Any CPU.ActiveCfg = Release|Any CPU
		{8AAF0A00-5DEE-45EF-BBF3-3BC1758529EE}.Release|Any CPU.Build.0 = Release|Any CPU
		{8AAF0A00-5DEE-45EF-BBF3-3BC1758529EE}.Publish|Any CPU.ActiveCfg = Publish|Any CPU
		{8AAF0A00-5DEE-45EF-BBF3-3BC1758529EE}.Publish|Any CPU.Build.0 = Publish|Any CPU
		{B2327DA5-5722-4570-83D2-DA8436D786D4}.Debug|Any CPU.ActiveCfg = Debug|Any CPU
		{B2327DA5-5722-4570-83D2-DA8436D786D4}.Debug|Any CPU.Build.0 = Debug|Any CPU
		{B2327DA5-5722-4570-83D2-DA8436D786D4}.Release|Any CPU.ActiveCfg = Release|Any CPU
		{B2327DA5-5722-4570-83D2-DA8436D786D4}.Release|Any CPU.Build.0 = Release|Any CPU
		{B2327DA5-5722-4570-83D2-DA8436D786D4}.Publish|Any CPU.ActiveCfg = Debug|Any CPU
		{B2327DA5-5722-4570-83D2-DA8436D786D4}.Publish|Any CPU.Build.0 = Debug|Any CPU
		{2D0EFA0C-D4E0-4D3C-9A81-917AD83E2015}.Debug|Any CPU.ActiveCfg = Debug|Any CPU
		{2D0EFA0C-D4E0-4D3C-9A81-917AD83E2015}.Debug|Any CPU.Build.0 = Debug|Any CPU
		{2D0EFA0C-D4E0-4D3C-9A81-917AD83E2015}.Release|Any CPU.ActiveCfg = Release|Any CPU
		{2D0EFA0C-D4E0-4D3C-9A81-917AD83E2015}.Release|Any CPU.Build.0 = Release|Any CPU
		{2D0EFA0C-D4E0-4D3C-9A81-917AD83E2015}.Publish|Any CPU.ActiveCfg = Debug|Any CPU
		{2D0EFA0C-D4E0-4D3C-9A81-917AD83E2015}.Publish|Any CPU.Build.0 = Debug|Any CPU
		{1EB163DA-8122-4F5A-BA0C-0C4032F0EE64}.Debug|Any CPU.ActiveCfg = Debug|Any CPU
		{1EB163DA-8122-4F5A-BA0C-0C4032F0EE64}.Debug|Any CPU.Build.0 = Debug|Any CPU
		{1EB163DA-8122-4F5A-BA0C-0C4032F0EE64}.Release|Any CPU.ActiveCfg = Release|Any CPU
		{1EB163DA-8122-4F5A-BA0C-0C4032F0EE64}.Release|Any CPU.Build.0 = Release|Any CPU
		{1EB163DA-8122-4F5A-BA0C-0C4032F0EE64}.Publish|Any CPU.ActiveCfg = Publish|Any CPU
		{1EB163DA-8122-4F5A-BA0C-0C4032F0EE64}.Publish|Any CPU.Build.0 = Publish|Any CPU
		{5991C7F6-FFD2-47B3-8BCA-82DA900443BC}.Debug|Any CPU.ActiveCfg = Debug|Any CPU
		{5991C7F6-FFD2-47B3-8BCA-82DA900443BC}.Debug|Any CPU.Build.0 = Debug|Any CPU
		{5991C7F6-FFD2-47B3-8BCA-82DA900443BC}.Release|Any CPU.ActiveCfg = Release|Any CPU
		{5991C7F6-FFD2-47B3-8BCA-82DA900443BC}.Release|Any CPU.Build.0 = Release|Any CPU
		{5991C7F6-FFD2-47B3-8BCA-82DA900443BC}.Publish|Any CPU.ActiveCfg = Publish|Any CPU
		{5991C7F6-FFD2-47B3-8BCA-82DA900443BC}.Publish|Any CPU.Build.0 = Publish|Any CPU
		{CF068CB4-0BBA-4B85-9FE0-FED0EB14DD15}.Debug|Any CPU.ActiveCfg = Debug|Any CPU
		{CF068CB4-0BBA-4B85-9FE0-FED0EB14DD15}.Debug|Any CPU.Build.0 = Debug|Any CPU
		{CF068CB4-0BBA-4B85-9FE0-FED0EB14DD15}.Release|Any CPU.ActiveCfg = Release|Any CPU
		{CF068CB4-0BBA-4B85-9FE0-FED0EB14DD15}.Release|Any CPU.Build.0 = Release|Any CPU
		{CF068CB4-0BBA-4B85-9FE0-FED0EB14DD15}.Publish|Any CPU.ActiveCfg = Publish|Any CPU
		{CF068CB4-0BBA-4B85-9FE0-FED0EB14DD15}.Publish|Any CPU.Build.0 = Publish|Any CPU
		{D16E9C90-226A-438C-8F3F-84942A21D26B}.Debug|Any CPU.ActiveCfg = Debug|Any CPU
		{D16E9C90-226A-438C-8F3F-84942A21D26B}.Debug|Any CPU.Build.0 = Debug|Any CPU
		{D16E9C90-226A-438C-8F3F-84942A21D26B}.Release|Any CPU.ActiveCfg = Release|Any CPU
		{D16E9C90-226A-438C-8F3F-84942A21D26B}.Release|Any CPU.Build.0 = Release|Any CPU
		{D16E9C90-226A-438C-8F3F-84942A21D26B}.Publish|Any CPU.ActiveCfg = Publish|Any CPU
		{D16E9C90-226A-438C-8F3F-84942A21D26B}.Publish|Any CPU.Build.0 = Publish|Any CPU
		{CFFDFE0A-C542-4505-AC2B-6DAB5E32D54E}.Debug|Any CPU.ActiveCfg = Debug|Any CPU
		{CFFDFE0A-C542-4505-AC2B-6DAB5E32D54E}.Debug|Any CPU.Build.0 = Debug|Any CPU
		{CFFDFE0A-C542-4505-AC2B-6DAB5E32D54E}.Release|Any CPU.ActiveCfg = Release|Any CPU
		{CFFDFE0A-C542-4505-AC2B-6DAB5E32D54E}.Release|Any CPU.Build.0 = Release|Any CPU
		{CFFDFE0A-C542-4505-AC2B-6DAB5E32D54E}.Publish|Any CPU.ActiveCfg = Publish|Any CPU
		{CFFDFE0A-C542-4505-AC2B-6DAB5E32D54E}.Publish|Any CPU.Build.0 = Publish|Any CPU
		{4F7E18B4-8EA3-4183-B1D3-33194DF67C1D}.Debug|Any CPU.ActiveCfg = Debug|Any CPU
		{4F7E18B4-8EA3-4183-B1D3-33194DF67C1D}.Debug|Any CPU.Build.0 = Debug|Any CPU
		{4F7E18B4-8EA3-4183-B1D3-33194DF67C1D}.Release|Any CPU.ActiveCfg = Release|Any CPU
		{4F7E18B4-8EA3-4183-B1D3-33194DF67C1D}.Release|Any CPU.Build.0 = Release|Any CPU
		{4F7E18B4-8EA3-4183-B1D3-33194DF67C1D}.Publish|Any CPU.ActiveCfg = Debug|Any CPU
		{4F7E18B4-8EA3-4183-B1D3-33194DF67C1D}.Publish|Any CPU.Build.0 = Debug|Any CPU
		{E9B096BD-FFC0-4EFA-9EEA-08A29C5BA1F0}.Debug|Any CPU.ActiveCfg = Debug|Any CPU
		{E9B096BD-FFC0-4EFA-9EEA-08A29C5BA1F0}.Debug|Any CPU.Build.0 = Debug|Any CPU
		{E9B096BD-FFC0-4EFA-9EEA-08A29C5BA1F0}.Release|Any CPU.ActiveCfg = Release|Any CPU
		{E9B096BD-FFC0-4EFA-9EEA-08A29C5BA1F0}.Release|Any CPU.Build.0 = Release|Any CPU
		{E9B096BD-FFC0-4EFA-9EEA-08A29C5BA1F0}.Publish|Any CPU.ActiveCfg = Publish|Any CPU
		{E9B096BD-FFC0-4EFA-9EEA-08A29C5BA1F0}.Publish|Any CPU.Build.0 = Publish|Any CPU
		{85A89B36-2FCE-43A2-9A59-CA52DADE60DE}.Debug|Any CPU.ActiveCfg = Debug|Any CPU
		{85A89B36-2FCE-43A2-9A59-CA52DADE60DE}.Debug|Any CPU.Build.0 = Debug|Any CPU
		{85A89B36-2FCE-43A2-9A59-CA52DADE60DE}.Release|Any CPU.ActiveCfg = Release|Any CPU
		{85A89B36-2FCE-43A2-9A59-CA52DADE60DE}.Release|Any CPU.Build.0 = Release|Any CPU
		{85A89B36-2FCE-43A2-9A59-CA52DADE60DE}.Publish|Any CPU.ActiveCfg = Debug|Any CPU
		{85A89B36-2FCE-43A2-9A59-CA52DADE60DE}.Publish|Any CPU.Build.0 = Debug|Any CPU
		{307C0A03-30B6-489F-A025-F3FF14DB2DD0}.Debug|Any CPU.ActiveCfg = Debug|Any CPU
		{307C0A03-30B6-489F-A025-F3FF14DB2DD0}.Debug|Any CPU.Build.0 = Debug|Any CPU
		{307C0A03-30B6-489F-A025-F3FF14DB2DD0}.Release|Any CPU.ActiveCfg = Release|Any CPU
		{307C0A03-30B6-489F-A025-F3FF14DB2DD0}.Release|Any CPU.Build.0 = Release|Any CPU
		{307C0A03-30B6-489F-A025-F3FF14DB2DD0}.Publish|Any CPU.ActiveCfg = Publish|Any CPU
		{307C0A03-30B6-489F-A025-F3FF14DB2DD0}.Publish|Any CPU.Build.0 = Publish|Any CPU
		{5B95D1E7-9899-45E0-B60E-5CD3D8236CD1}.Debug|Any CPU.ActiveCfg = Debug|Any CPU
		{5B95D1E7-9899-45E0-B60E-5CD3D8236CD1}.Debug|Any CPU.Build.0 = Debug|Any CPU
		{5B95D1E7-9899-45E0-B60E-5CD3D8236CD1}.Release|Any CPU.ActiveCfg = Release|Any CPU
		{5B95D1E7-9899-45E0-B60E-5CD3D8236CD1}.Release|Any CPU.Build.0 = Release|Any CPU
		{5B95D1E7-9899-45E0-B60E-5CD3D8236CD1}.Publish|Any CPU.ActiveCfg = Publish|Any CPU
		{5B95D1E7-9899-45E0-B60E-5CD3D8236CD1}.Publish|Any CPU.Build.0 = Publish|Any CPU
		{E31CF09C-1219-4812-96D4-D1161AFC7A67}.Debug|Any CPU.ActiveCfg = Debug|Any CPU
		{E31CF09C-1219-4812-96D4-D1161AFC7A67}.Debug|Any CPU.Build.0 = Debug|Any CPU
		{E31CF09C-1219-4812-96D4-D1161AFC7A67}.Release|Any CPU.ActiveCfg = Release|Any CPU
		{E31CF09C-1219-4812-96D4-D1161AFC7A67}.Release|Any CPU.Build.0 = Release|Any CPU
		{E31CF09C-1219-4812-96D4-D1161AFC7A67}.Publish|Any CPU.ActiveCfg = Publish|Any CPU
		{E31CF09C-1219-4812-96D4-D1161AFC7A67}.Publish|Any CPU.Build.0 = Publish|Any CPU
		{AB342999-6967-43E8-BD94-4D9CAFB4D045}.Debug|Any CPU.ActiveCfg = Debug|Any CPU
		{AB342999-6967-43E8-BD94-4D9CAFB4D045}.Debug|Any CPU.Build.0 = Debug|Any CPU
		{AB342999-6967-43E8-BD94-4D9CAFB4D045}.Release|Any CPU.ActiveCfg = Release|Any CPU
		{AB342999-6967-43E8-BD94-4D9CAFB4D045}.Release|Any CPU.Build.0 = Release|Any CPU
		{AB342999-6967-43E8-BD94-4D9CAFB4D045}.Publish|Any CPU.ActiveCfg = Publish|Any CPU
		{AB342999-6967-43E8-BD94-4D9CAFB4D045}.Publish|Any CPU.Build.0 = Publish|Any CPU
		{FF4C49C2-AA83-4754-94A6-1E3639E6C050}.Debug|Any CPU.ActiveCfg = Debug|Any CPU
		{FF4C49C2-AA83-4754-94A6-1E3639E6C050}.Debug|Any CPU.Build.0 = Debug|Any CPU
		{FF4C49C2-AA83-4754-94A6-1E3639E6C050}.Release|Any CPU.ActiveCfg = Release|Any CPU
		{FF4C49C2-AA83-4754-94A6-1E3639E6C050}.Release|Any CPU.Build.0 = Release|Any CPU
		{FF4C49C2-AA83-4754-94A6-1E3639E6C050}.Publish|Any CPU.ActiveCfg = Debug|Any CPU
		{FF4C49C2-AA83-4754-94A6-1E3639E6C050}.Publish|Any CPU.Build.0 = Debug|Any CPU
		{29BF0BAC-CED3-4DFD-A72F-F5456D30D8DC}.Debug|Any CPU.ActiveCfg = Debug|Any CPU
		{29BF0BAC-CED3-4DFD-A72F-F5456D30D8DC}.Debug|Any CPU.Build.0 = Debug|Any CPU
		{29BF0BAC-CED3-4DFD-A72F-F5456D30D8DC}.Release|Any CPU.ActiveCfg = Release|Any CPU
		{29BF0BAC-CED3-4DFD-A72F-F5456D30D8DC}.Release|Any CPU.Build.0 = Release|Any CPU
		{29BF0BAC-CED3-4DFD-A72F-F5456D30D8DC}.Publish|Any CPU.ActiveCfg = Debug|Any CPU
		{29BF0BAC-CED3-4DFD-A72F-F5456D30D8DC}.Publish|Any CPU.Build.0 = Debug|Any CPU
		{98D9513E-9CAB-4842-9DCC-DC856C876930}.Debug|Any CPU.ActiveCfg = Debug|Any CPU
		{98D9513E-9CAB-4842-9DCC-DC856C876930}.Debug|Any CPU.Build.0 = Debug|Any CPU
		{98D9513E-9CAB-4842-9DCC-DC856C876930}.Release|Any CPU.ActiveCfg = Release|Any CPU
		{98D9513E-9CAB-4842-9DCC-DC856C876930}.Release|Any CPU.Build.0 = Release|Any CPU
		{98D9513E-9CAB-4842-9DCC-DC856C876930}.Publish|Any CPU.ActiveCfg = Debug|Any CPU
		{98D9513E-9CAB-4842-9DCC-DC856C876930}.Publish|Any CPU.Build.0 = Debug|Any CPU
	EndGlobalSection
	GlobalSection(SolutionProperties) = preSolution
		HideSolutionNode = FALSE
	EndGlobalSection
	GlobalSection(ExtensibilityGlobals) = postSolution
		SolutionGuid = {164D71B8-3253-43D4-8B8F-F2B53FBDEAE6}
	EndGlobalSection
	GlobalSection(NestedProjects) = preSolution
		{AB80A810-38F7-4BD9-8C5D-AC7E624680EF} = {A626F27B-46F7-4579-8700-342439C930F0}
		{FBAF1110-6A51-4042-B22B-178802E4C7D5} = {A626F27B-46F7-4579-8700-342439C930F0}
		{C5A329CD-3FF4-436E-A27D-5A9134802C76} = {A626F27B-46F7-4579-8700-342439C930F0}
		{F5190D59-C35E-4D62-BF5C-FE8558C8AE65} = {A626F27B-46F7-4579-8700-342439C930F0}
		{59F2EBE0-11B2-43C5-857D-72813518E403} = {A626F27B-46F7-4579-8700-342439C930F0}
		{3FD9599B-1F8B-40EF-8B33-3DD2C3999FF8} = {A626F27B-46F7-4579-8700-342439C930F0}
		{D0BCCDF8-CD09-4985-8618-A19EB0B7D9EB} = {A626F27B-46F7-4579-8700-342439C930F0}
		{A43F4BBE-0DD2-41D1-81C4-365382D5358F} = {A626F27B-46F7-4579-8700-342439C930F0}
		{9B7947D0-769B-43D7-9C5C-006A623F456E} = {A626F27B-46F7-4579-8700-342439C930F0}
		{F06B4CE5-1BB3-4C36-8811-417AFAA396A8} = {A626F27B-46F7-4579-8700-342439C930F0}
		{031217C4-D1E3-4074-B173-D1CD0931A943} = {A626F27B-46F7-4579-8700-342439C930F0}
		{A268FD8D-AAB2-48F4-8064-4DF96376FC44} = {A626F27B-46F7-4579-8700-342439C930F0}
		{A3E4C966-876E-4ECD-88F3-487B605CA612} = {A626F27B-46F7-4579-8700-342439C930F0}
		{24CA5E28-C184-4631-BA37-2B575A3A4C91} = {A626F27B-46F7-4579-8700-342439C930F0}
		{76B590E7-7D38-43C8-8099-A5586B02979D} = {A626F27B-46F7-4579-8700-342439C930F0}
		{31859161-5681-484E-9589-B7E3554DD08C} = {A626F27B-46F7-4579-8700-342439C930F0}
		{E2718AE6-23E2-4954-A7C4-28F4F3464EB2} = {A626F27B-46F7-4579-8700-342439C930F0}
		{FCC5A805-D8F2-4D50-8E15-CC0591232CF9} = {A626F27B-46F7-4579-8700-342439C930F0}
		{65719B36-2A28-4DB8-81A8-877ED52D834A} = {A626F27B-46F7-4579-8700-342439C930F0}
		{0BFB2E80-3AEE-4973-891E-CB10D3D64394} = {A626F27B-46F7-4579-8700-342439C930F0}
		{1B72E799-6C20-4293-BBC9-E0105DC6A2C4} = {A626F27B-46F7-4579-8700-342439C930F0}
		{D6320E10-E046-4593-A272-CFAF67A8B635} = {A626F27B-46F7-4579-8700-342439C930F0}
		{ABC5CD1F-5BFE-4EF6-8311-EB28F4851F1F} = {A626F27B-46F7-4579-8700-342439C930F0}
		{2B5C335B-BA3E-4E3E-8D62-35665B3B08C2} = {A626F27B-46F7-4579-8700-342439C930F0}
		{8AAF0A00-5DEE-45EF-BBF3-3BC1758529EE} = {A626F27B-46F7-4579-8700-342439C930F0}
		{1474B5CE-AD19-4F97-A7F9-05553E60CA25} = {CE345C58-8EB5-4E4F-A8DF-79246B383485}
		{B2327DA5-5722-4570-83D2-DA8436D786D4} = {CE345C58-8EB5-4E4F-A8DF-79246B383485}
		{2D0EFA0C-D4E0-4D3C-9A81-917AD83E2015} = {CE345C58-8EB5-4E4F-A8DF-79246B383485}
		{1EB163DA-8122-4F5A-BA0C-0C4032F0EE64} = {A626F27B-46F7-4579-8700-342439C930F0}
		{5991C7F6-FFD2-47B3-8BCA-82DA900443BC} = {A626F27B-46F7-4579-8700-342439C930F0}
		{CF068CB4-0BBA-4B85-9FE0-FED0EB14DD15} = {A626F27B-46F7-4579-8700-342439C930F0}
		{D16E9C90-226A-438C-8F3F-84942A21D26B} = {A626F27B-46F7-4579-8700-342439C930F0}
		{CFFDFE0A-C542-4505-AC2B-6DAB5E32D54E} = {A626F27B-46F7-4579-8700-342439C930F0}
		{4F7E18B4-8EA3-4183-B1D3-33194DF67C1D} = {CE345C58-8EB5-4E4F-A8DF-79246B383485}
		{E9B096BD-FFC0-4EFA-9EEA-08A29C5BA1F0} = {A626F27B-46F7-4579-8700-342439C930F0}
		{85A89B36-2FCE-43A2-9A59-CA52DADE60DE} = {CE345C58-8EB5-4E4F-A8DF-79246B383485}
		{307C0A03-30B6-489F-A025-F3FF14DB2DD0} = {A626F27B-46F7-4579-8700-342439C930F0}
		{5B95D1E7-9899-45E0-B60E-5CD3D8236CD1} = {A626F27B-46F7-4579-8700-342439C930F0}
		{E31CF09C-1219-4812-96D4-D1161AFC7A67} = {A626F27B-46F7-4579-8700-342439C930F0}
		{AB342999-6967-43E8-BD94-4D9CAFB4D045} = {A626F27B-46F7-4579-8700-342439C930F0}
		{FF4C49C2-AA83-4754-94A6-1E3639E6C050} = {A626F27B-46F7-4579-8700-342439C930F0}
		{29BF0BAC-CED3-4DFD-A72F-F5456D30D8DC} = {A626F27B-46F7-4579-8700-342439C930F0}
		{98D9513E-9CAB-4842-9DCC-DC856C876930} = {CE345C58-8EB5-4E4F-A8DF-79246B383485}
	EndGlobalSection
EndGlobal
